
Microsoft Visual Studio Solution File, Format Version 12.00
# Visual Studio Version 17
VisualStudioVersion = 17.4.33110.190
MinimumVisualStudioVersion = 10.0.40219.1
Project("{9A19103F-16F7-4668-BE54-9A1E7A4F7556}") = "BG_Restaurant", "BG_Restaurant\BG_Restaurant.csproj", "{656C6A7D-40E8-4393-A993-855E0A7E0491}"
EndProject
Project("{2150E333-8FDC-42A3-9474-1A3956D46DE8}") = "FrontEnd", "FrontEnd", "{EF214402-A619-4FF3-9F96-67CD76DDEBD7}"
EndProject
Project("{2150E333-8FDC-42A3-9474-1A3956D46DE8}") = "Services", "Services", "{1F8FDCCC-3357-46AE-BCE6-B7E49EBF6C67}"
EndProject
Project("{9A19103F-16F7-4668-BE54-9A1E7A4F7556}") = "Restaurant.ProductAPI", "Restaurant.ProductAPI\Restaurant.ProductAPI.csproj", "{D20BD101-2141-4526-A413-E335E5FDF2FD}"
EndProject
Project("{9A19103F-16F7-4668-BE54-9A1E7A4F7556}") = "Restaurant.Web", "WebApplication1\Restaurant.Web.csproj", "{8B2C2DE9-B01F-4C55-8E22-7CC930C23D4C}"
EndProject
Project("{9A19103F-16F7-4668-BE54-9A1E7A4F7556}") = "Restaurant.Services.Identity", "Restaurant.Services.Identity\Restaurant.Services.Identity.csproj", "{D1DAB7A6-50CD-4C78-B27D-B082119D8D9C}"
EndProject
Project("{9A19103F-16F7-4668-BE54-9A1E7A4F7556}") = "Restaurant.ShoppingCartAPI", "Restaurant.ShoppingCartAPI\Restaurant.ShoppingCartAPI.csproj", "{2764E3B5-CFC6-4C8E-8106-8F7BEB19D1FC}"
EndProject
Project("{9A19103F-16F7-4668-BE54-9A1E7A4F7556}") = "Restaurant.DiscountAPI", "Restaurant.DiscountAPI\Restaurant.DiscountAPI.csproj", "{454EF770-E853-4330-9023-9C04F7AE8148}"
EndProject
Project("{2150E333-8FDC-42A3-9474-1A3956D46DE8}") = "Integration", "Integration", "{806A710D-D7EA-43CE-ABC8-0665F8C74EDC}"
EndProject
Project("{9A19103F-16F7-4668-BE54-9A1E7A4F7556}") = "Mango.MessageBus", "Mango.MessageBus\Mango.MessageBus.csproj", "{F78D113B-84D7-46F0-8D89-479E9DECFBB9}"
EndProject
Project("{9A19103F-16F7-4668-BE54-9A1E7A4F7556}") = "Restaurant.OrderAPI", "Restaurant.OrderAPI\Restaurant.OrderAPI.csproj", "{0E082544-B700-456C-AC93-C4CEB2D89A22}"
EndProject
Project("{2150E333-8FDC-42A3-9474-1A3956D46DE8}") = "Payments", "Payments", "{422DDA74-2B36-4F6D-9AB8-1CD89534C7BF}"
EndProject
Project("{9A19103F-16F7-4668-BE54-9A1E7A4F7556}") = "PaymentProcessor", "PaymentProcessor\PaymentProcessor.csproj", "{B30AA618-A77F-45A9-8216-A69C613E6949}"
EndProject
Project("{9A19103F-16F7-4668-BE54-9A1E7A4F7556}") = "Restaurant.ProcessPaymentAPI", "Restaurant.ProcessPaymentAPI\Restaurant.ProcessPaymentAPI.csproj", "{DB9ED5CD-0FA0-4384-AFCD-08CFB3748B3B}"
EndProject
Project("{2150E333-8FDC-42A3-9474-1A3956D46DE8}") = "Tests", "Tests", "{858A0F41-AB60-4503-8E68-F0B902CB9443}"
EndProject
Project("{2150E333-8FDC-42A3-9474-1A3956D46DE8}") = "Services", "Services", "{93964B9D-2911-48B7-AAE0-E6EB0B5C0A71}"
EndProject
Project("{9A19103F-16F7-4668-BE54-9A1E7A4F7556}") = "Restaurant.ProductAPI.Tests", "Restraurant.ProductAPI.UnitTests\Restaurant.ProductAPI.Tests.csproj", "{5ABB5ED8-4ED7-4D35-9533-38FC3DA19D9B}"
EndProject
Project("{FAE04EC0-301F-11D3-BF4B-00C04F79EFBC}") = "Restaurant.Email", "Restaurant.Email\Restaurant.Email.csproj", "{F0DA9C37-EFE6-4ABA-8E0C-6B99661D6EF4}"
EndProject
Global
	GlobalSection(SolutionConfigurationPlatforms) = preSolution
		Debug|Any CPU = Debug|Any CPU
		Release|Any CPU = Release|Any CPU
	EndGlobalSection
	GlobalSection(ProjectConfigurationPlatforms) = postSolution
		{656C6A7D-40E8-4393-A993-855E0A7E0491}.Debug|Any CPU.ActiveCfg = Debug|Any CPU
		{656C6A7D-40E8-4393-A993-855E0A7E0491}.Debug|Any CPU.Build.0 = Debug|Any CPU
		{656C6A7D-40E8-4393-A993-855E0A7E0491}.Release|Any CPU.ActiveCfg = Release|Any CPU
		{656C6A7D-40E8-4393-A993-855E0A7E0491}.Release|Any CPU.Build.0 = Release|Any CPU
		{D20BD101-2141-4526-A413-E335E5FDF2FD}.Debug|Any CPU.ActiveCfg = Debug|Any CPU
		{D20BD101-2141-4526-A413-E335E5FDF2FD}.Debug|Any CPU.Build.0 = Debug|Any CPU
		{D20BD101-2141-4526-A413-E335E5FDF2FD}.Release|Any CPU.ActiveCfg = Release|Any CPU
		{D20BD101-2141-4526-A413-E335E5FDF2FD}.Release|Any CPU.Build.0 = Release|Any CPU
		{8B2C2DE9-B01F-4C55-8E22-7CC930C23D4C}.Debug|Any CPU.ActiveCfg = Debug|Any CPU
		{8B2C2DE9-B01F-4C55-8E22-7CC930C23D4C}.Debug|Any CPU.Build.0 = Debug|Any CPU
		{8B2C2DE9-B01F-4C55-8E22-7CC930C23D4C}.Release|Any CPU.ActiveCfg = Release|Any CPU
		{8B2C2DE9-B01F-4C55-8E22-7CC930C23D4C}.Release|Any CPU.Build.0 = Release|Any CPU
		{D1DAB7A6-50CD-4C78-B27D-B082119D8D9C}.Debug|Any CPU.ActiveCfg = Debug|Any CPU
		{D1DAB7A6-50CD-4C78-B27D-B082119D8D9C}.Debug|Any CPU.Build.0 = Debug|Any CPU
		{D1DAB7A6-50CD-4C78-B27D-B082119D8D9C}.Release|Any CPU.ActiveCfg = Release|Any CPU
		{D1DAB7A6-50CD-4C78-B27D-B082119D8D9C}.Release|Any CPU.Build.0 = Release|Any CPU
		{2764E3B5-CFC6-4C8E-8106-8F7BEB19D1FC}.Debug|Any CPU.ActiveCfg = Debug|Any CPU
		{2764E3B5-CFC6-4C8E-8106-8F7BEB19D1FC}.Debug|Any CPU.Build.0 = Debug|Any CPU
		{2764E3B5-CFC6-4C8E-8106-8F7BEB19D1FC}.Release|Any CPU.ActiveCfg = Release|Any CPU
		{2764E3B5-CFC6-4C8E-8106-8F7BEB19D1FC}.Release|Any CPU.Build.0 = Release|Any CPU
		{454EF770-E853-4330-9023-9C04F7AE8148}.Debug|Any CPU.ActiveCfg = Debug|Any CPU
		{454EF770-E853-4330-9023-9C04F7AE8148}.Debug|Any CPU.Build.0 = Debug|Any CPU
		{454EF770-E853-4330-9023-9C04F7AE8148}.Release|Any CPU.ActiveCfg = Release|Any CPU
		{454EF770-E853-4330-9023-9C04F7AE8148}.Release|Any CPU.Build.0 = Release|Any CPU
		{F78D113B-84D7-46F0-8D89-479E9DECFBB9}.Debug|Any CPU.ActiveCfg = Debug|Any CPU
		{F78D113B-84D7-46F0-8D89-479E9DECFBB9}.Debug|Any CPU.Build.0 = Debug|Any CPU
		{F78D113B-84D7-46F0-8D89-479E9DECFBB9}.Release|Any CPU.ActiveCfg = Release|Any CPU
		{F78D113B-84D7-46F0-8D89-479E9DECFBB9}.Release|Any CPU.Build.0 = Release|Any CPU
		{0E082544-B700-456C-AC93-C4CEB2D89A22}.Debug|Any CPU.ActiveCfg = Debug|Any CPU
		{0E082544-B700-456C-AC93-C4CEB2D89A22}.Debug|Any CPU.Build.0 = Debug|Any CPU
		{0E082544-B700-456C-AC93-C4CEB2D89A22}.Release|Any CPU.ActiveCfg = Release|Any CPU
		{0E082544-B700-456C-AC93-C4CEB2D89A22}.Release|Any CPU.Build.0 = Release|Any CPU
		{B30AA618-A77F-45A9-8216-A69C613E6949}.Debug|Any CPU.ActiveCfg = Debug|Any CPU
		{B30AA618-A77F-45A9-8216-A69C613E6949}.Debug|Any CPU.Build.0 = Debug|Any CPU
		{B30AA618-A77F-45A9-8216-A69C613E6949}.Release|Any CPU.ActiveCfg = Release|Any CPU
		{B30AA618-A77F-45A9-8216-A69C613E6949}.Release|Any CPU.Build.0 = Release|Any CPU
		{DB9ED5CD-0FA0-4384-AFCD-08CFB3748B3B}.Debug|Any CPU.ActiveCfg = Debug|Any CPU
		{DB9ED5CD-0FA0-4384-AFCD-08CFB3748B3B}.Debug|Any CPU.Build.0 = Debug|Any CPU
		{DB9ED5CD-0FA0-4384-AFCD-08CFB3748B3B}.Release|Any CPU.ActiveCfg = Release|Any CPU
		{DB9ED5CD-0FA0-4384-AFCD-08CFB3748B3B}.Release|Any CPU.Build.0 = Release|Any CPU
		{5ABB5ED8-4ED7-4D35-9533-38FC3DA19D9B}.Debug|Any CPU.ActiveCfg = Debug|Any CPU
		{5ABB5ED8-4ED7-4D35-9533-38FC3DA19D9B}.Debug|Any CPU.Build.0 = Debug|Any CPU
		{5ABB5ED8-4ED7-4D35-9533-38FC3DA19D9B}.Release|Any CPU.ActiveCfg = Release|Any CPU
		{5ABB5ED8-4ED7-4D35-9533-38FC3DA19D9B}.Release|Any CPU.Build.0 = Release|Any CPU
		{F0DA9C37-EFE6-4ABA-8E0C-6B99661D6EF4}.Debug|Any CPU.ActiveCfg = Debug|Any CPU
		{F0DA9C37-EFE6-4ABA-8E0C-6B99661D6EF4}.Debug|Any CPU.Build.0 = Debug|Any CPU
		{F0DA9C37-EFE6-4ABA-8E0C-6B99661D6EF4}.Release|Any CPU.ActiveCfg = Release|Any CPU
		{F0DA9C37-EFE6-4ABA-8E0C-6B99661D6EF4}.Release|Any CPU.Build.0 = Release|Any CPU
	EndGlobalSection
	GlobalSection(SolutionProperties) = preSolution
		HideSolutionNode = FALSE
	EndGlobalSection
	GlobalSection(NestedProjects) = preSolution
		{D20BD101-2141-4526-A413-E335E5FDF2FD} = {1F8FDCCC-3357-46AE-BCE6-B7E49EBF6C67}
		{8B2C2DE9-B01F-4C55-8E22-7CC930C23D4C} = {EF214402-A619-4FF3-9F96-67CD76DDEBD7}
		{D1DAB7A6-50CD-4C78-B27D-B082119D8D9C} = {1F8FDCCC-3357-46AE-BCE6-B7E49EBF6C67}
		{2764E3B5-CFC6-4C8E-8106-8F7BEB19D1FC} = {1F8FDCCC-3357-46AE-BCE6-B7E49EBF6C67}
		{454EF770-E853-4330-9023-9C04F7AE8148} = {1F8FDCCC-3357-46AE-BCE6-B7E49EBF6C67}
		{F78D113B-84D7-46F0-8D89-479E9DECFBB9} = {806A710D-D7EA-43CE-ABC8-0665F8C74EDC}
		{0E082544-B700-456C-AC93-C4CEB2D89A22} = {1F8FDCCC-3357-46AE-BCE6-B7E49EBF6C67}
		{422DDA74-2B36-4F6D-9AB8-1CD89534C7BF} = {806A710D-D7EA-43CE-ABC8-0665F8C74EDC}
		{B30AA618-A77F-45A9-8216-A69C613E6949} = {422DDA74-2B36-4F6D-9AB8-1CD89534C7BF}
		{DB9ED5CD-0FA0-4384-AFCD-08CFB3748B3B} = {1F8FDCCC-3357-46AE-BCE6-B7E49EBF6C67}
		{93964B9D-2911-48B7-AAE0-E6EB0B5C0A71} = {858A0F41-AB60-4503-8E68-F0B902CB9443}
		{5ABB5ED8-4ED7-4D35-9533-38FC3DA19D9B} = {93964B9D-2911-48B7-AAE0-E6EB0B5C0A71}
		{F0DA9C37-EFE6-4ABA-8E0C-6B99661D6EF4} = {1F8FDCCC-3357-46AE-BCE6-B7E49EBF6C67}
	EndGlobalSection
	GlobalSection(ExtensibilityGlobals) = postSolution
		SolutionGuid = {10574E3A-FA7A-46DC-A097-CDD9B10CF8AA}
	EndGlobalSection
EndGlobal
